
Microsoft Visual Studio Solution File, Format Version 12.00
# Visual Studio Version 16
VisualStudioVersion = 16.0.30114.105
MinimumVisualStudioVersion = 10.0.40219.1
Project("{FAE04EC0-301F-11D3-BF4B-00C04F79EFBC}") = "TaxCalculationWebApi", "TaxCalculationWebApi\TaxCalculationWebApi.csproj", "{97F8CBA0-ACE6-4F44-9144-EDCBFA2CFAC5}"
EndProject
Project("{FAE04EC0-301F-11D3-BF4B-00C04F79EFBC}") = "congestion-tax-calculator-net-core", "congestion-tax-calculator-net-core\congestion-tax-calculator-net-core.csproj", "{F6B098B1-504B-4760-A148-3C4B3263B2CE}"
EndProject
Global
	GlobalSection(SolutionConfigurationPlatforms) = preSolution
		Debug|Any CPU = Debug|Any CPU
		Release|Any CPU = Release|Any CPU
	EndGlobalSection
	GlobalSection(SolutionProperties) = preSolution
		HideSolutionNode = FALSE
	EndGlobalSection
	GlobalSection(ProjectConfigurationPlatforms) = postSolution
		{97F8CBA0-ACE6-4F44-9144-EDCBFA2CFAC5}.Debug|Any CPU.ActiveCfg = Debug|Any CPU
		{97F8CBA0-ACE6-4F44-9144-EDCBFA2CFAC5}.Debug|Any CPU.Build.0 = Debug|Any CPU
		{97F8CBA0-ACE6-4F44-9144-EDCBFA2CFAC5}.Release|Any CPU.ActiveCfg = Release|Any CPU
		{97F8CBA0-ACE6-4F44-9144-EDCBFA2CFAC5}.Release|Any CPU.Build.0 = Release|Any CPU
		{F6B098B1-504B-4760-A148-3C4B3263B2CE}.Debug|Any CPU.ActiveCfg = Debug|Any CPU
		{F6B098B1-504B-4760-A148-3C4B3263B2CE}.Debug|Any CPU.Build.0 = Debug|Any CPU
		{F6B098B1-504B-4760-A148-3C4B3263B2CE}.Release|Any CPU.ActiveCfg = Release|Any CPU
		{F6B098B1-504B-4760-A148-3C4B3263B2CE}.Release|Any CPU.Build.0 = Release|Any CPU
	EndGlobalSection
EndGlobal
